# THIS IS AN AUTOGENERATED FILE. DO NOT EDIT THIS FILE DIRECTLY.
# yarn lockfile v1


accessible-autocomplete@^2.0.2:
  version "2.0.2"
  resolved "https://registry.yarnpkg.com/accessible-autocomplete/-/accessible-autocomplete-2.0.2.tgz#869d6b3b80a31e21614076b0ce47999f6b1802c8"
  integrity sha512-cdA4O4u1xmefZuAdtL+0VBnDivdapgIZRQjm0E1bcekHnH5h67Vt1QL79NqPtlAn+6lyrR+H+pbnYVvUOJ1ULQ==
  dependencies:
    preact "^8.3.1"

nhsuk-frontend@^3.0.4:
  version "3.0.4"
  resolved "https://registry.yarnpkg.com/nhsuk-frontend/-/nhsuk-frontend-3.0.4.tgz#8d7184dd6c6d5cfa52cd2fbebfe4c3cb98d3fff7"
  integrity sha512-WZrmI6SZUpq2GotL3iyd44sB3GZoffAbU09eJIxMiUDLZbbw/Unm2j+f1WK/gDwrcd0V814ywpMF5eJ9UWgZvQ==
  dependencies:
    accessible-autocomplete "^2.0.2"
    sass-mq "^5.0.1"

preact@^8.3.1:
  version "8.5.3"
  resolved "https://registry.yarnpkg.com/preact/-/preact-8.5.3.tgz#78c2a5562fcecb1fed1d0055fa4ac1e27bde17c1"
  integrity sha512-O3kKP+1YdgqHOFsZF2a9JVdtqD+RPzCQc3rP+Ualf7V6rmRDchZ9MJbiGTT7LuyqFKZqlHSOyO/oMFmI2lVTsw==

sass-mq@^5.0.1:
  version "5.0.1"
  resolved "https://registry.yarnpkg.com/sass-mq/-/sass-mq-5.0.1.tgz#42c711e657d884ff6a1bb4d405dfb6f08a7dc622"
  integrity sha512-ugSVZO5fzasSFrGfKCtY02spnkOOfo9U9sXuzCuSXoCl1CgcoqdJRdNmigZkhvRVph1GKM6o0pgI00Jjc445CA==
